{
  "version": "4",
  "specifiers": {
    "jsr:@opentf/obj-diff@0.11": "0.11.0",
    "jsr:@opentf/std@0.12.0": "0.12.0",
    "jsr:@unyt/speck@^0.0.10": "0.0.10",
    "npm:github-slugger@2": "2.0.0",
    "npm:tablemark@^4.1.0": "4.1.0"
  },
  "jsr": {
    "@opentf/obj-diff@0.11.0": {
      "integrity": "61f2d870b6b437fbf339ea020a0f9920ee889a1236a6618d81027dee73e90b2f",
      "dependencies": [
        "jsr:@opentf/std"
      ]
    },
    "@opentf/std@0.12.0": {
      "integrity": "a78ec5cee300c4379dda0e92458ae372a9e871daef7b2aa2a53cb2314a276980"
    },
    "@unyt/speck@0.0.10": {
      "integrity": "78e7f5459e864b582fe3b6d81905c266789bf3d36b7b003da320b54ee3215711",
      "dependencies": [
        "npm:github-slugger",
        "npm:tablemark"
      ]
    }
  },
  "npm": {
    "ansi-regex@6.2.2": {
      "integrity": "sha512-Bq3SmSpyFHaWjPk8If9yc6svM8c56dB5BAtW4Qbw5jHTwwXXcTLoRMkpDJp6VL0XzlWaCHTXrkFURMYmD0sLqg=="
    },
    "ansi-styles@6.2.3": {
      "integrity": "sha512-4Dj6M28JB+oAH8kFkTLUo+a2jwOFkuqb3yucU0CANcRRUbxS0cP0nZYCGjcc3BNXwRIsUVmDGgzawme7zvJHvg=="
    },
    "change-case@5.4.4": {
      "integrity": "sha512-HRQyTk2/YPEkt9TnUPbOpr64Uw3KOicFWPVBb+xiHvd6eBx/qPr9xqfBFDT8P2vWsvvz4jbEkfDe71W3VyNu2w=="
    },
    "emoji-regex@10.5.0": {
      "integrity": "sha512-lb49vf1Xzfx080OKA0o6l8DQQpV+6Vg95zyCJX9VB/BqKYlhG7N4wgROUUHRA+ZPUefLnteQOad7z1kT2bV7bg=="
    },
    "get-east-asian-width@1.4.0": {
      "integrity": "sha512-QZjmEOC+IT1uk6Rx0sX22V6uHWVwbdbxf1faPqJ1QhLdGgsRGCZoyaQBm/piRdJy/D2um6hM1UP7ZEeQ4EkP+Q=="
    },
    "github-slugger@2.0.0": {
      "integrity": "sha512-IaOQ9puYtjrkq7Y0Ygl9KDZnrf/aiUJYUpVf89y8kyaxbRG7Y1SrX/jaumrv81vc61+kiMempujsM3Yw7w5qcw=="
    },
    "string-width@7.2.0": {
      "integrity": "sha512-tsaTIkKW9b4N+AEj+SVA+WhJzV7/zMhcSu78mLKWSk7cXMOSHsBKFWUs0fWwq8QyK3MgJBQRX6Gbi4kYbdvGkQ==",
      "dependencies": [
        "emoji-regex",
        "get-east-asian-width",
        "strip-ansi"
      ]
    },
    "string-width@8.1.0": {
      "integrity": "sha512-Kxl3KJGb/gxkaUMOjRsQ8IrXiGW75O4E3RPjFIINOVH8AMl2SQ/yWdTzWwF3FevIX9LcMAjJW+GRwAlAbTSXdg==",
      "dependencies": [
        "get-east-asian-width",
        "strip-ansi"
      ]
    },
    "strip-ansi@7.1.2": {
      "integrity": "sha512-gmBGslpoQJtgnMAvOVqGZpEz9dyoKTCzy2nfz/n8aIFhN/jCE/rCmcxabB6jOOHV+0WNnylOxaxBQPSvcWklhA==",
      "dependencies": [
        "ansi-regex"
      ]
    },
    "tablemark@4.1.0": {
      "integrity": "sha512-B3LDjbDo+ac+D5RwkBOPZZ6ua8716KdT+6NO3DKOCHJq0ezE6vV2r92rjrC1ci2H+ocuysl5ytf1T0QqV65yoA==",
      "dependencies": [
        "ansi-regex",
        "change-case",
        "string-width@8.1.0",
        "wordwrapjs",
        "wrap-ansi"
      ]
    },
    "wordwrapjs@5.1.0": {
      "integrity": "sha512-JNjcULU2e4KJwUNv6CHgI46UvDGitb6dGryHajXTDiLgg1/RiGoPSDw4kZfYnwGtEXf2ZMeIewDQgFGzkCB2Sg=="
    },
    "wrap-ansi@9.0.2": {
      "integrity": "sha512-42AtmgqjV+X1VpdOfyTGOYRi0/zsoLqtXQckTmqTeybT+BDIbM/Guxo7x3pE2vtpr1ok6xRqM9OpBe+Jyoqyww==",
      "dependencies": [
        "ansi-styles",
        "string-width@7.2.0",
        "strip-ansi"
      ]
    }
  },
  "remote": {
    "https://raw.githubusercontent.com/unyt-org/speck/refs/heads/main/examples/dxb.json": "1c3d837b9a7356bbeaa6f432afa1f4582a650bfe45c03b8061ddb15bd71936c1",
    "https://raw.githubusercontent.com/unyt-org/speck/refs/heads/main/examples/dxb.json?token": "351c707f13745a267381593f88b0e0e04bd6fa363aca52523b57c810b38d4a29",
    "https://raw.githubusercontent.com/unyt-org/speck/refs/heads/main/examples/dxb.json?token=": "8baecc217a44d57aa3cf5dbb1f9d5f473dabf5a033b30b5264c49a6d648814b7",
    "https://raw.githubusercontent.com/unyt-org/speck/refs/heads/main/examples/dxb.json?x=1": "216799404b3595d5406caf18b7b6765598b3a7157c86a95b6520b1af492c6bf5",
    "https://raw.githubusercontent.com/unyt-org/speck/refs/heads/main/examples/dxb.json?x=2": "216799404b3595d5406caf18b7b6765598b3a7157c86a95b6520b1af492c6bf5"
  },
  "workspace": {
    "dependencies": [
      "jsr:@opentf/obj-diff@0.11",
      "jsr:@unyt/speck@^0.0.10"
    ]
  }
}
